
Microsoft Visual Studio Solution File, Format Version 12.00
# Visual Studio Version 16
VisualStudioVersion = 16.0.29306.81
MinimumVisualStudioVersion = 10.0.40219.1
Project("{FAE04EC0-301F-11D3-BF4B-00C04F79EFBC}") = "AlbionMerchantBroker", "AlbionMerchantBroker\AlbionMerchantBroker.csproj", "{F69FB658-7342-43B3-9919-3CE32FB11183}"
EndProject
Global
	GlobalSection(SolutionConfigurationPlatforms) = preSolution
		Debug|Any CPU = Debug|Any CPU
		Release|Any CPU = Release|Any CPU
	EndGlobalSection
	GlobalSection(ProjectConfigurationPlatforms) = postSolution
		{F69FB658-7342-43B3-9919-3CE32FB11183}.Debug|Any CPU.ActiveCfg = Debug|Any CPU
		{F69FB658-7342-43B3-9919-3CE32FB11183}.Debug|Any CPU.Build.0 = Debug|Any CPU
		{F69FB658-7342-43B3-9919-3CE32FB11183}.Release|Any CPU.ActiveCfg = Release|Any CPU
		{F69FB658-7342-43B3-9919-3CE32FB11183}.Release|Any CPU.Build.0 = Release|Any CPU
	EndGlobalSection
	GlobalSection(SolutionProperties) = preSolution
		HideSolutionNode = FALSE
	EndGlobalSection
	GlobalSection(ExtensibilityGlobals) = postSolution
		SolutionGuid = {DC794B44-B305-4EAF-8B61-0C4732A21A15}
	EndGlobalSection
EndGlobal
